
Microsoft Visual Studio Solution File, Format Version 12.00
# Visual Studio Version 16
VisualStudioVersion = 16.0.31729.503
MinimumVisualStudioVersion = 10.0.40219.1
Project("{FAE04EC0-301F-11D3-BF4B-00C04F79EFBC}") = "STYLEONMobile.Android", "STYLEONMobile\STYLEONMobile.Android\STYLEONMobile.Android.csproj", "{B366862B-BDE3-4D64-A650-22C96BFDBE44}"
EndProject
Project("{FAE04EC0-301F-11D3-BF4B-00C04F79EFBC}") = "STYLEONMobile.iOS", "STYLEONMobile\STYLEONMobile.iOS\STYLEONMobile.iOS.csproj", "{26ACB6D6-EC4B-474F-9F4A-5C7BDE390A10}"
EndProject
Project("{FAE04EC0-301F-11D3-BF4B-00C04F79EFBC}") = "STYLEONMobile", "STYLEONMobile\STYLEONMobile\STYLEONMobile.csproj", "{4A2C8FD7-0AB9-4B4C-A534-C6E441F12C9C}"
EndProject
Global
	GlobalSection(SolutionConfigurationPlatforms) = preSolution
		Debug|Any CPU = Debug|Any CPU
		Debug|iPhone = Debug|iPhone
		Debug|iPhoneSimulator = Debug|iPhoneSimulator
		Release|Any CPU = Release|Any CPU
		Release|iPhone = Release|iPhone
		Release|iPhoneSimulator = Release|iPhoneSimulator
	EndGlobalSection
	GlobalSection(ProjectConfigurationPlatforms) = postSolution
		{B366862B-BDE3-4D64-A650-22C96BFDBE44}.Debug|Any CPU.ActiveCfg = Debug|Any CPU
		{B366862B-BDE3-4D64-A650-22C96BFDBE44}.Debug|Any CPU.Build.0 = Debug|Any CPU
		{B366862B-BDE3-4D64-A650-22C96BFDBE44}.Debug|Any CPU.Deploy.0 = Debug|Any CPU
		{B366862B-BDE3-4D64-A650-22C96BFDBE44}.Debug|iPhone.ActiveCfg = Debug|Any CPU
		{B366862B-BDE3-4D64-A650-22C96BFDBE44}.Debug|iPhone.Build.0 = Debug|Any CPU
		{B366862B-BDE3-4D64-A650-22C96BFDBE44}.Debug|iPhone.Deploy.0 = Debug|Any CPU
		{B366862B-BDE3-4D64-A650-22C96BFDBE44}.Debug|iPhoneSimulator.ActiveCfg = Debug|Any CPU
		{B366862B-BDE3-4D64-A650-22C96BFDBE44}.Debug|iPhoneSimulator.Build.0 = Debug|Any CPU
		{B366862B-BDE3-4D64-A650-22C96BFDBE44}.Debug|iPhoneSimulator.Deploy.0 = Debug|Any CPU
		{B366862B-BDE3-4D64-A650-22C96BFDBE44}.Release|Any CPU.ActiveCfg = Release|Any CPU
		{B366862B-BDE3-4D64-A650-22C96BFDBE44}.Release|Any CPU.Build.0 = Release|Any CPU
		{B366862B-BDE3-4D64-A650-22C96BFDBE44}.Release|Any CPU.Deploy.0 = Release|Any CPU
		{B366862B-BDE3-4D64-A650-22C96BFDBE44}.Release|iPhone.ActiveCfg = Release|Any CPU
		{B366862B-BDE3-4D64-A650-22C96BFDBE44}.Release|iPhone.Build.0 = Release|Any CPU
		{B366862B-BDE3-4D64-A650-22C96BFDBE44}.Release|iPhone.Deploy.0 = Release|Any CPU
		{B366862B-BDE3-4D64-A650-22C96BFDBE44}.Release|iPhoneSimulator.ActiveCfg = Release|Any CPU
		{B366862B-BDE3-4D64-A650-22C96BFDBE44}.Release|iPhoneSimulator.Build.0 = Release|Any CPU
		{B366862B-BDE3-4D64-A650-22C96BFDBE44}.Release|iPhoneSimulator.Deploy.0 = Release|Any CPU
		{26ACB6D6-EC4B-474F-9F4A-5C7BDE390A10}.Debug|Any CPU.ActiveCfg = Debug|iPhoneSimulator
		{26ACB6D6-EC4B-474F-9F4A-5C7BDE390A10}.Debug|iPhone.ActiveCfg = Debug|iPhone
		{26ACB6D6-EC4B-474F-9F4A-5C7BDE390A10}.Debug|iPhone.Build.0 = Debug|iPhone
		{26ACB6D6-EC4B-474F-9F4A-5C7BDE390A10}.Debug|iPhoneSimulator.ActiveCfg = Debug|iPhoneSimulator
		{26ACB6D6-EC4B-474F-9F4A-5C7BDE390A10}.Debug|iPhoneSimulator.Build.0 = Debug|iPhoneSimulator
		{26ACB6D6-EC4B-474F-9F4A-5C7BDE390A10}.Release|Any CPU.ActiveCfg = Release|iPhoneSimulator
		{26ACB6D6-EC4B-474F-9F4A-5C7BDE390A10}.Release|iPhone.ActiveCfg = Release|iPhone
		{26ACB6D6-EC4B-474F-9F4A-5C7BDE390A10}.Release|iPhone.Build.0 = Release|iPhone
		{26ACB6D6-EC4B-474F-9F4A-5C7BDE390A10}.Release|iPhoneSimulator.ActiveCfg = Release|iPhoneSimulator
		{26ACB6D6-EC4B-474F-9F4A-5C7BDE390A10}.Release|iPhoneSimulator.Build.0 = Release|iPhoneSimulator
		{4A2C8FD7-0AB9-4B4C-A534-C6E441F12C9C}.Debug|Any CPU.ActiveCfg = Debug|Any CPU
		{4A2C8FD7-0AB9-4B4C-A534-C6E441F12C9C}.Debug|Any CPU.Build.0 = Debug|Any CPU
		{4A2C8FD7-0AB9-4B4C-A534-C6E441F12C9C}.Debug|iPhone.ActiveCfg = Debug|Any CPU
		{4A2C8FD7-0AB9-4B4C-A534-C6E441F12C9C}.Debug|iPhone.Build.0 = Debug|Any CPU
		{4A2C8FD7-0AB9-4B4C-A534-C6E441F12C9C}.Debug|iPhoneSimulator.ActiveCfg = Debug|Any CPU
		{4A2C8FD7-0AB9-4B4C-A534-C6E441F12C9C}.Debug|iPhoneSimulator.Build.0 = Debug|Any CPU
		{4A2C8FD7-0AB9-4B4C-A534-C6E441F12C9C}.Release|Any CPU.ActiveCfg = Release|Any CPU
		{4A2C8FD7-0AB9-4B4C-A534-C6E441F12C9C}.Release|Any CPU.Build.0 = Release|Any CPU
		{4A2C8FD7-0AB9-4B4C-A534-C6E441F12C9C}.Release|iPhone.ActiveCfg = Release|Any CPU
		{4A2C8FD7-0AB9-4B4C-A534-C6E441F12C9C}.Release|iPhone.Build.0 = Release|Any CPU
		{4A2C8FD7-0AB9-4B4C-A534-C6E441F12C9C}.Release|iPhoneSimulator.ActiveCfg = Release|Any CPU
		{4A2C8FD7-0AB9-4B4C-A534-C6E441F12C9C}.Release|iPhoneSimulator.Build.0 = Release|Any CPU
	EndGlobalSection
	GlobalSection(SolutionProperties) = preSolution
		HideSolutionNode = FALSE
	EndGlobalSection
	GlobalSection(ExtensibilityGlobals) = postSolution
		SolutionGuid = {8CE4FF6E-FCB4-4503-B791-C7C777488274}
	EndGlobalSection
EndGlobal
